
Microsoft Visual Studio Solution File, Format Version 12.00
# Visual Studio 15
VisualStudioVersion = 15.0.27130.2026
MinimumVisualStudioVersion = 10.0.40219.1
Project("{FAE04EC0-301F-11D3-BF4B-00C04F79EFBC}") = "PlaneTickets", "PlaneTickets\PlaneTickets.csproj", "{C5D99E65-B2EB-4584-9F42-FD1E857EA232}"
EndProject
Global
	GlobalSection(SolutionConfigurationPlatforms) = preSolution
		Debug|Any CPU = Debug|Any CPU
		Release|Any CPU = Release|Any CPU
	EndGlobalSection
	GlobalSection(ProjectConfigurationPlatforms) = postSolution
		{C5D99E65-B2EB-4584-9F42-FD1E857EA232}.Debug|Any CPU.ActiveCfg = Debug|Any CPU
		{C5D99E65-B2EB-4584-9F42-FD1E857EA232}.Debug|Any CPU.Build.0 = Debug|Any CPU
		{C5D99E65-B2EB-4584-9F42-FD1E857EA232}.Release|Any CPU.ActiveCfg = Release|Any CPU
		{C5D99E65-B2EB-4584-9F42-FD1E857EA232}.Release|Any CPU.Build.0 = Release|Any CPU
	EndGlobalSection
	GlobalSection(SolutionProperties) = preSolution
		HideSolutionNode = FALSE
	EndGlobalSection
	GlobalSection(ExtensibilityGlobals) = postSolution
		SolutionGuid = {F309A356-7135-4D6C-9C92-40EDD72F9EC0}
	EndGlobalSection
EndGlobal
